// !$*UTF8*$!
{
	archiveVersion = 1;
	classes = {
	};
	objectVersion = 50;
	objects = {

/* Begin PBXBuildFile section */
		256D20FC23931C6200DA2B49 /* AppDelegate.swift in Sources */ = {isa = PBXBuildFile; fileRef = 256D20FB23931C6200DA2B49 /* AppDelegate.swift */; };
		256D20FE23931C6200DA2B49 /* SceneDelegate.swift in Sources */ = {isa = PBXBuildFile; fileRef = 256D20FD23931C6200DA2B49 /* SceneDelegate.swift */; };
		256D210023931C6200DA2B49 /* ContentView.swift in Sources */ = {isa = PBXBuildFile; fileRef = 256D20FF23931C6200DA2B49 /* ContentView.swift */; };
		256D210223931C6300DA2B49 /* Assets.xcassets in Resources */ = {isa = PBXBuildFile; fileRef = 256D210123931C6300DA2B49 /* Assets.xcassets */; };
		256D210523931C6300DA2B49 /* Preview Assets.xcassets in Resources */ = {isa = PBXBuildFile; fileRef = 256D210423931C6300DA2B49 /* Preview Assets.xcassets */; };
		256D210823931C6300DA2B49 /* LaunchScreen.storyboard in Resources */ = {isa = PBXBuildFile; fileRef = 256D210623931C6300DA2B49 /* LaunchScreen.storyboard */; };
		256D211323931C6400DA2B49 /* IGLOOTests.swift in Sources */ = {isa = PBXBuildFile; fileRef = 256D211223931C6400DA2B49 /* IGLOOTests.swift */; };
		256D211F23931DD500DA2B49 /* Arial Black.ttf in Resources */ = {isa = PBXBuildFile; fileRef = 256D211E23931DD500DA2B49 /* Arial Black.ttf */; };
/* End PBXBuildFile section */

/* Begin PBXContainerItemProxy section */
		256D210F23931C6300DA2B49 /* PBXContainerItemProxy */ = {
			isa = PBXContainerItemProxy;
			containerPortal = 256D20F023931C6200DA2B49 /* Project object */;
			proxyType = 1;
			remoteGlobalIDString = 256D20F723931C6200DA2B49;
			remoteInfo = IGLOO;
		};
/* End PBXContainerItemProxy section */

/* Begin PBXFileReference section */
		256D20F823931C6200DA2B49 /* IGLOO.app */ = {isa = PBXFileReference; explicitFileType = wrapper.application; includeInIndex = 0; path = IGLOO.app; sourceTree = BUILT_PRODUCTS_DIR; };
		256D20FB23931C6200DA2B49 /* AppDelegate.swift */ = {isa = PBXFileReference; lastKnownFileType = sourcecode.swift; path = AppDelegate.swift; sourceTree = "<group>"; };
		256D20FD23931C6200DA2B49 /* SceneDelegate.swift */ = {isa = PBXFileReference; lastKnownFileType = sourcecode.swift; path = SceneDelegate.swift; sourceTree = "<group>"; };
		256D20FF23931C6200DA2B49 /* ContentView.swift */ = {isa = PBXFileReference; lastKnownFileType = sourcecode.swift; path = ContentView.swift; sourceTree = "<group>"; };
		256D210123931C6300DA2B49 /* Assets.xcassets */ = {isa = PBXFileReference; lastKnownFileType = folder.assetcatalog; path = Assets.xcassets; sourceTree = "<group>"; };
		256D210423931C6300DA2B49 /* Preview Assets.xcassets */ = {isa = PBXFileReference; lastKnownFileType = folder.assetcatalog; path = "Preview Assets.xcassets"; sourceTree = "<group>"; };
		256D210723931C6300DA2B49 /* Base */ = {isa = PBXFileReference; lastKnownFileType = file.storyboard; name = Base; path = Base.lproj/LaunchScreen.storyboard; sourceTree = "<group>"; };
		256D210923931C6300DA2B49 /* Info.plist */ = {isa = PBXFileReference; lastKnownFileType = text.plist.xml; path = Info.plist; sourceTree = "<group>"; };
		256D210E23931C6300DA2B49 /* IGLOOTests.xctest */ = {isa = PBXFileReference; explicitFileType = wrapper.cfbundle; includeInIndex = 0; path = IGLOOTests.xctest; sourceTree = BUILT_PRODUCTS_DIR; };
		256D211223931C6400DA2B49 /* IGLOOTests.swift */ = {isa = PBXFileReference; lastKnownFileType = sourcecode.swift; path = IGLOOTests.swift; sourceTree = "<group>"; };
		256D211423931C6400DA2B49 /* Info.plist */ = {isa = PBXFileReference; lastKnownFileType = text.plist.xml; path = Info.plist; sourceTree = "<group>"; };
		256D211E23931DD500DA2B49 /* Arial Black.ttf */ = {isa = PBXFileReference; lastKnownFileType = file; path = "Arial Black.ttf"; sourceTree = "<group>"; };
/* End PBXFileReference section */

/* Begin PBXFrameworksBuildPhase section */
		256D20F523931C6200DA2B49 /* Frameworks */ = {
			isa = PBXFrameworksBuildPhase;
			buildActionMask = 2147483647;
			files = (
			);
			runOnlyForDeploymentPostprocessing = 0;
		};
		256D210B23931C6300DA2B49 /* Frameworks */ = {
			isa = PBXFrameworksBuildPhase;
			buildActionMask = 2147483647;
			files = (
			);
			runOnlyForDeploymentPostprocessing = 0;
		};
/* End PBXFrameworksBuildPhase section */

/* Begin PBXGroup section */
		256D20EF23931C6200DA2B49 = {
			isa = PBXGroup;
			children = (
				256D20FA23931C6200DA2B49 /* IGLOO */,
				256D211123931C6300DA2B49 /* IGLOOTests */,
				256D20F923931C6200DA2B49 /* Products */,
			);
			sourceTree = "<group>";
		};
		256D20F923931C6200DA2B49 /* Products */ = {
			isa = PBXGroup;
			children = (
				256D20F823931C6200DA2B49 /* IGLOO.app */,
				256D210E23931C6300DA2B49 /* IGLOOTests.xctest */,
			);
			name = Products;
			sourceTree = "<group>";
		};
		256D20FA23931C6200DA2B49 /* IGLOO */ = {
			isa = PBXGroup;
			children = (
				256D20FB23931C6200DA2B49 /* AppDelegate.swift */,
				256D20FD23931C6200DA2B49 /* SceneDelegate.swift */,
				256D20FF23931C6200DA2B49 /* ContentView.swift */,
				256D210123931C6300DA2B49 /* Assets.xcassets */,
				256D210623931C6300DA2B49 /* LaunchScreen.storyboard */,
				256D210923931C6300DA2B49 /* Info.plist */,
				256D211D23931D4D00DA2B49 /* fonts */,
				256D210323931C6300DA2B49 /* Preview Content */,
			);
			path = IGLOO;
			sourceTree = "<group>";
		};
		256D210323931C6300DA2B49 /* Preview Content */ = {
			isa = PBXGroup;
			children = (
				256D210423931C6300DA2B49 /* Preview Assets.xcassets */,
			);
			path = "Preview Content";
			sourceTree = "<group>";
		};
		256D211123931C6300DA2B49 /* IGLOOTests */ = {
			isa = PBXGroup;
			children = (
				256D211223931C6400DA2B49 /* IGLOOTests.swift */,
				256D211423931C6400DA2B49 /* Info.plist */,
			);
			path = IGLOOTests;
			sourceTree = "<group>";
		};
		256D211D23931D4D00DA2B49 /* fonts */ = {
			isa = PBXGroup;
			children = (
				256D211E23931DD500DA2B49 /* Arial Black.ttf */,
			);
			path = fonts;
			sourceTree = "<group>";
		};
/* End PBXGroup section */

/* Begin PBXNativeTarget section */
		256D20F723931C6200DA2B49 /* IGLOO */ = {
			isa = PBXNativeTarget;
			buildConfigurationList = 256D211723931C6400DA2B49 /* Build configuration list for PBXNativeTarget "IGLOO" */;
			buildPhases = (
				256D20F423931C6200DA2B49 /* Sources */,
				256D20F523931C6200DA2B49 /* Frameworks */,
				256D20F623931C6200DA2B49 /* Resources */,
			);
			buildRules = (
			);
			dependencies = (
			);
			name = IGLOO;
			productName = IGLOO;
			productReference = 256D20F823931C6200DA2B49 /* IGLOO.app */;
			productType = "com.apple.product-type.application";
		};
		256D210D23931C6300DA2B49 /* IGLOOTests */ = {
			isa = PBXNativeTarget;
			buildConfigurationList = 256D211A23931C6400DA2B49 /* Build configuration list for PBXNativeTarget "IGLOOTests" */;
			buildPhases = (
				256D210A23931C6300DA2B49 /* Sources */,
				256D210B23931C6300DA2B49 /* Frameworks */,
				256D210C23931C6300DA2B49 /* Resources */,
			);
			buildRules = (
			);
			dependencies = (
				256D211023931C6300DA2B49 /* PBXTargetDependency */,
			);
			name = IGLOOTests;
			productName = IGLOOTests;
			productReference = 256D210E23931C6300DA2B49 /* IGLOOTests.xctest */;
			productType = "com.apple.product-type.bundle.unit-test";
		};
/* End PBXNativeTarget section */

/* Begin PBXProject section */
		256D20F023931C6200DA2B49 /* Project object */ = {
			isa = PBXProject;
			attributes = {
				LastSwiftUpdateCheck = 1120;
				LastUpgradeCheck = 1120;
				ORGANIZATIONNAME = "Randy ";
				TargetAttributes = {
					256D20F723931C6200DA2B49 = {
						CreatedOnToolsVersion = 11.2.1;
					};
					256D210D23931C6300DA2B49 = {
						CreatedOnToolsVersion = 11.2.1;
						TestTargetID = 256D20F723931C6200DA2B49;
					};
				};
			};
			buildConfigurationList = 256D20F323931C6200DA2B49 /* Build configuration list for PBXProject "IGLOO" */;
			compatibilityVersion = "Xcode 9.3";
			developmentRegion = en;
			hasScannedForEncodings = 0;
			knownRegions = (
				en,
				Base,
			);
			mainGroup = 256D20EF23931C6200DA2B49;
			productRefGroup = 256D20F923931C6200DA2B49 /* Products */;
			projectDirPath = "";
			projectRoot = "";
			targets = (
				256D20F723931C6200DA2B49 /* IGLOO */,
				256D210D23931C6300DA2B49 /* IGLOOTests */,
			);
		};
/* End PBXProject section */

/* Begin PBXResourcesBuildPhase section */
		256D20F623931C6200DA2B49 /* Resources */ = {
			isa = PBXResourcesBuildPhase;
			buildActionMask = 2147483647;
			files = (
				256D210823931C6300DA2B49 /* LaunchScreen.storyboard in Resources */,
				256D211F23931DD500DA2B49 /* Arial Black.ttf in Resources */,
				256D210523931C6300DA2B49 /* Preview Assets.xcassets in Resources */,
				256D210223931C6300DA2B49 /* Assets.xcassets in Resources */,
			);
			runOnlyForDeploymentPostprocessing = 0;
		};
		256D210C23931C6300DA2B49 /* Resources */ = {
			isa = PBXResourcesBuildPhase;
			buildActionMask = 2147483647;
			files = (
			);
			runOnlyForDeploymentPostprocessing = 0;
		};
/* End PBXResourcesBuildPhase section */

/* Begin PBXSourcesBuildPhase section */
		256D20F423931C6200DA2B49 /* Sources */ = {
			isa = PBXSourcesBuildPhase;
			buildActionMask = 2147483647;
			files = (
				256D20FC23931C6200DA2B49 /* AppDelegate.swift in Sources */,
				256D20FE23931C6200DA2B49 /* SceneDelegate.swift in Sources */,
				256D210023931C6200DA2B49 /* ContentView.swift in Sources */,
			);
			runOnlyForDeploymentPostprocessing = 0;
		};
		256D210A23931C6300DA2B49 /* Sources */ = {
			isa = PBXSourcesBuildPhase;
			buildActionMask = 2147483647;
			files = (
				256D211323931C6400DA2B49 /* IGLOOTests.swift in Sources */,
			);
			runOnlyForDeploymentPostprocessing = 0;
		};
/* End PBXSourcesBuildPhase section */

/* Begin PBXTargetDependency section */
		256D211023931C6300DA2B49 /* PBXTargetDependency */ = {
			isa = PBXTargetDependency;
			target = 256D20F723931C6200DA2B49 /* IGLOO */;
			targetProxy = 256D210F23931C6300DA2B49 /* PBXContainerItemProxy */;
		};
/* End PBXTargetDependency section */

/* Begin PBXVariantGroup section */
		256D210623931C6300DA2B49 /* LaunchScreen.storyboard */ = {
			isa = PBXVariantGroup;
			children = (
				256D210723931C6300DA2B49 /* Base */,
			);
			name = LaunchScreen.storyboard;
			sourceTree = "<group>";
		};
/* End PBXVariantGroup section */

/* Begin XCBuildConfiguration section */
		256D211523931C6400DA2B49 /* Debug */ = {
			isa = XCBuildConfiguration;
			buildSettings = {
				ALWAYS_SEARCH_USER_PATHS = NO;
				CLANG_ANALYZER_NONNULL = YES;
				CLANG_ANALYZER_NUMBER_OBJECT_CONVERSION = YES_AGGRESSIVE;
				CLANG_CXX_LANGUAGE_STANDARD = "gnu++14";
				CLANG_CXX_LIBRARY = "libc++";
				CLANG_ENABLE_MODULES = YES;
				CLANG_ENABLE_OBJC_ARC = YES;
				CLANG_ENABLE_OBJC_WEAK = YES;
				CLANG_WARN_BLOCK_CAPTURE_AUTORELEASING = YES;
				CLANG_WARN_BOOL_CONVERSION = YES;
				CLANG_WARN_COMMA = YES;
				CLANG_WARN_CONSTANT_CONVERSION = YES;
				CLANG_WARN_DEPRECATED_OBJC_IMPLEMENTATIONS = YES;
				CLANG_WARN_DIRECT_OBJC_ISA_USAGE = YES_ERROR;
				CLANG_WARN_DOCUMENTATION_COMMENTS = YES;
				CLANG_WARN_EMPTY_BODY = YES;
				CLANG_WARN_ENUM_CONVERSION = YES;
				CLANG_WARN_INFINITE_RECURSION = YES;
				CLANG_WARN_INT_CONVERSION = YES;
				CLANG_WARN_NON_LITERAL_NULL_CONVERSION = YES;
				CLANG_WARN_OBJC_IMPLICIT_RETAIN_SELF = YES;
				CLANG_WARN_OBJC_LITERAL_CONVERSION = YES;
				CLANG_WARN_OBJC_ROOT_CLASS = YES_ERROR;
				CLANG_WARN_RANGE_LOOP_ANALYSIS = YES;
				CLANG_WARN_STRICT_PROTOTYPES = YES;
				CLANG_WARN_SUSPICIOUS_MOVE = YES;
				CLANG_WARN_UNGUARDED_AVAILABILITY = YES_AGGRESSIVE;
				CLANG_WARN_UNREACHABLE_CODE = YES;
				CLANG_WARN__DUPLICATE_METHOD_MATCH = YES;
				COPY_PHASE_STRIP = NO;
				DEBUG_INFORMATION_FORMAT = dwarf;
				ENABLE_STRICT_OBJC_MSGSEND = YES;
				ENABLE_TESTABILITY = YES;
				GCC_C_LANGUAGE_STANDARD = gnu11;
				GCC_DYNAMIC_NO_PIC = NO;
				GCC_NO_COMMON_BLOCKS = YES;
				GCC_OPTIMIZATION_LEVEL = 0;
				GCC_PREPROCESSOR_DEFINITIONS = (
					"DEBUG=1",
					"$(inherited)",
				);
				GCC_WARN_64_TO_32_BIT_CONVERSION = YES;
				GCC_WARN_ABOUT_RETURN_TYPE = YES_ERROR;
				GCC_WARN_UNDECLARED_SELECTOR = YES;
				GCC_WARN_UNINITIALIZED_AUTOS = YES_AGGRESSIVE;
				GCC_WARN_UNUSED_FUNCTION = YES;
				GCC_WARN_UNUSED_VARIABLE = YES;
				IPHONEOS_DEPLOYMENT_TARGET = 13.2;
				MTL_ENABLE_DEBUG_INFO = INCLUDE_SOURCE;
				MTL_FAST_MATH = YES;
				ONLY_ACTIVE_ARCH = YES;
				SDKROOT = iphoneos;
				SWIFT_ACTIVE_COMPILATION_CONDITIONS = DEBUG;
				SWIFT_OPTIMIZATION_LEVEL = "-Onone";
			};
			name = Debug;
		};
		256D211623931C6400DA2B49 /* Release */ = {
			isa = XCBuildConfiguration;
			buildSettings = {
				ALWAYS_SEARCH_USER_PATHS = NO;
				CLANG_ANALYZER_NONNULL = YES;
				CLANG_ANALYZER_NUMBER_OBJECT_CONVERSION = YES_AGGRESSIVE;
				CLANG_CXX_LANGUAGE_STANDARD = "gnu++14";
				CLANG_CXX_LIBRARY = "libc++";
				CLANG_ENABLE_MODULES = YES;
				CLANG_ENABLE_OBJC_ARC = YES;
				CLANG_ENABLE_OBJC_WEAK = YES;
				CLANG_WARN_BLOCK_CAPTURE_AUTORELEASING = YES;
				CLANG_WARN_BOOL_CONVERSION = YES;
				CLANG_WARN_COMMA = YES;
				CLANG_WARN_CONSTANT_CONVERSION = YES;
				CLANG_WARN_DEPRECATED_OBJC_IMPLEMENTATIONS = YES;
				CLANG_WARN_DIRECT_OBJC_ISA_USAGE = YES_ERROR;
				CLANG_WARN_DOCUMENTATION_COMMENTS = YES;
				CLANG_WARN_EMPTY_BODY = YES;
				CLANG_WARN_ENUM_CONVERSION = YES;
				CLANG_WARN_INFINITE_RECURSION = YES;
				CLANG_WARN_INT_CONVERSION = YES;
				CLANG_WARN_NON_LITERAL_NULL_CONVERSION = YES;
				CLANG_WARN_OBJC_IMPLICIT_RETAIN_SELF = YES;
				CLANG_WARN_OBJC_LITERAL_CONVERSION = YES;
				CLANG_WARN_OBJC_ROOT_CLASS = YES_ERROR;
				CLANG_WARN_RANGE_LOOP_ANALYSIS = YES;
				CLANG_WARN_STRICT_PROTOTYPES = YES;
				CLANG_WARN_SUSPICIOUS_MOVE = YES;
				CLANG_WARN_UNGUARDED_AVAILABILITY = YES_AGGRESSIVE;
				CLANG_WARN_UNREACHABLE_CODE = YES;
				CLANG_WARN__DUPLICATE_METHOD_MATCH = YES;
				COPY_PHASE_STRIP = NO;
				DEBUG_INFORMATION_FORMAT = "dwarf-with-dsym";
				ENABLE_NS_ASSERTIONS = NO;
				ENABLE_STRICT_OBJC_MSGSEND = YES;
				GCC_C_LANGUAGE_STANDARD = gnu11;
				GCC_NO_COMMON_BLOCKS = YES;
				GCC_WARN_64_TO_32_BIT_CONVERSION = YES;
				GCC_WARN_ABOUT_RETURN_TYPE = YES_ERROR;
				GCC_WARN_UNDECLARED_SELECTOR = YES;
				GCC_WARN_UNINITIALIZED_AUTOS = YES_AGGRESSIVE;
				GCC_WARN_UNUSED_FUNCTION = YES;
				GCC_WARN_UNUSED_VARIABLE = YES;
				IPHONEOS_DEPLOYMENT_TARGET = 13.2;
				MTL_ENABLE_DEBUG_INFO = NO;
				MTL_FAST_MATH = YES;
				SDKROOT = iphoneos;
				SWIFT_COMPILATION_MODE = wholemodule;
				SWIFT_OPTIMIZATION_LEVEL = "-O";
				VALIDATE_PRODUCT = YES;
			};
			name = Release;
		};
		256D211823931C6400DA2B49 /* Debug */ = {
			isa = XCBuildConfiguration;
			buildSettings = {
				ASSETCATALOG_COMPILER_APPICON_NAME = AppIcon;
				CODE_SIGN_STYLE = Automatic;
				DEVELOPMENT_ASSET_PATHS = "\"IGLOO/Preview Content\"";
				DEVELOPMENT_TEAM = C7A356JZ3Q;
				ENABLE_PREVIEWS = YES;
				INFOPLIST_FILE = IGLOO/Info.plist;
				LD_RUNPATH_SEARCH_PATHS = (
					"$(inherited)",
					"@executable_path/Frameworks",
				);
				PRODUCT_BUNDLE_IDENTIFIER = myself.IGLOO;
				PRODUCT_NAME = "$(TARGET_NAME)";
				SWIFT_VERSION = 5.0;
				TARGETED_DEVICE_FAMILY = "1,2";
			};
			name = Debug;
		};
		256D211923931C6400DA2B49 /* Release */ = {
			isa = XCBuildConfiguration;
			buildSettings = {
				ASSETCATALOG_COMPILER_APPICON_NAME = AppIcon;
				CODE_SIGN_STYLE = Automatic;
				DEVELOPMENT_ASSET_PATHS = "\"IGLOO/Preview Content\"";
				DEVELOPMENT_TEAM = C7A356JZ3Q;
				ENABLE_PREVIEWS = YES;
				INFOPLIST_FILE = IGLOO/Info.plist;
				LD_RUNPATH_SEARCH_PATHS = (
					"$(inherited)",
					"@executable_path/Frameworks",
				);
				PRODUCT_BUNDLE_IDENTIFIER = myself.IGLOO;
				PRODUCT_NAME = "$(TARGET_NAME)";
				SWIFT_VERSION = 5.0;
				TARGETED_DEVICE_FAMILY = "1,2";
			};
			name = Release;
		};
		256D211B23931C6400DA2B49 /* Debug */ = {
			isa = XCBuildConfiguration;
			buildSettings = {
				ALWAYS_EMBED_SWIFT_STANDARD_LIBRARIES = YES;
				BUNDLE_LOADER = "$(TEST_HOST)";
				CODE_SIGN_STYLE = Automatic;
				DEVELOPMENT_TEAM = C7A356JZ3Q;
				INFOPLIST_FILE = IGLOOTests/Info.plist;
				IPHONEOS_DEPLOYMENT_TARGET = 13.2;
				LD_RUNPATH_SEARCH_PATHS = (
					"$(inherited)",
					"@executable_path/Frameworks",
					"@loader_path/Frameworks",
				);
				PRODUCT_BUNDLE_IDENTIFIER = myself.IGLOOTests;
				PRODUCT_NAME = "$(TARGET_NAME)";
				SWIFT_VERSION = 5.0;
				TARGETED_DEVICE_FAMILY = "1,2";
				TEST_HOST = "$(BUILT_PRODUCTS_DIR)/IGLOO.app/IGLOO";
			};
			name = Debug;
		};
		256D211C23931C6400DA2B49 /* Release */ = {
			isa = XCBuildConfiguration;
			buildSettings = {
				ALWAYS_EMBED_SWIFT_STANDARD_LIBRARIES = YES;
				BUNDLE_LOADER = "$(TEST_HOST)";
				CODE_SIGN_STYLE = Automatic;
				DEVELOPMENT_TEAM = C7A356JZ3Q;
				INFOPLIST_FILE = IGLOOTests/Info.plist;
				IPHONEOS_DEPLOYMENT_TARGET = 13.2;
				LD_RUNPATH_SEARCH_PATHS = (
					"$(inherited)",
					"@executable_path/Frameworks",
					"@loader_path/Frameworks",
				);
				PRODUCT_BUNDLE_IDENTIFIER = myself.IGLOOTests;
				PRODUCT_NAME = "$(TARGET_NAME)";
				SWIFT_VERSION = 5.0;
				TARGETED_DEVICE_FAMILY = "1,2";
				TEST_HOST = "$(BUILT_PRODUCTS_DIR)/IGLOO.app/IGLOO";
			};
			name = Release;
		};
/* End XCBuildConfiguration section */

/* Begin XCConfigurationList section */
		256D20F323931C6200DA2B49 /* Build configuration list for PBXProject "IGLOO" */ = {
			isa = XCConfigurationList;
			buildConfigurations = (
				256D211523931C6400DA2B49 /* Debug */,
				256D211623931C6400DA2B49 /* Release */,
			);
			defaultConfigurationIsVisible = 0;
			defaultConfigurationName = Release;
		};
		256D211723931C6400DA2B49 /* Build configuration list for PBXNativeTarget "IGLOO" */ = {
			isa = XCConfigurationList;
			buildConfigurations = (
				256D211823931C6400DA2B49 /* Debug */,
				256D211923931C6400DA2B49 /* Release */,
			);
			defaultConfigurationIsVisible = 0;
			defaultConfigurationName = Release;
		};
		256D211A23931C6400DA2B49 /* Build configuration list for PBXNativeTarget "IGLOOTests" */ = {
			isa = XCConfigurationList;
			buildConfigurations = (
				256D211B23931C6400DA2B49 /* Debug */,
				256D211C23931C6400DA2B49 /* Release */,
			);
			defaultConfigurationIsVisible = 0;
			defaultConfigurationName = Release;
		};
/* End XCConfigurationList section */
	};
	rootObject = 256D20F023931C6200DA2B49 /* Project object */;
}
